PODS:
  - Alamofire (4.8.2)
  - AlipaySDK-iOS (15.5.9)
  - AliyunOSSiOS (2.10.7)
  - AliyunPlayer_iOS/AliyunPlayerSDK (3.4.10)
  - BaiduMapKit (4.3.2)
  - BMKLocationKit (1.6.0)
  - Differentiator (3.1.0)
  - HandyJSON (5.0.0)
  - Hyphenate (3.6.0)
  - Kingfisher (4.6.4)
  - MJRefresh (3.1.15.7)
  - mob_sharesdk (4.2.6):
    - mob_sharesdk/ShareSDK (= 4.2.6)
    - MOBFoundation
  - mob_sharesdk/ShareSDK (4.2.6):
    - MOBFoundation
  - mob_sharesdk/ShareSDKExtension (4.2.6):
    - mob_sharesdk/ShareSDK
    - MOBFoundation
  - mob_sharesdk/ShareSDKPlatforms/WeChatFull (4.2.6):
    - mob_sharesdk/ShareSDK
    - MOBFoundation
  - mob_sharesdk/ShareSDKUI (4.2.6):
    - mob_sharesdk/ShareSDK
    - MOBFoundation
  - MOBFoundation (3.2.3)
  - Moya/Core (12.0.1):
    - Alamofire (~> 4.1)
    - Result (~> 4.0)
  - Moya/RxSwift (12.0.1):
    - Moya/Core
    - RxSwift (~> 4.0)
  - Result (4.1.0)
  - RxAtomic (4.4.2)
  - RxCocoa (4.4.2):
    - RxSwift (>= 4.4.2, ~> 4.4)
  - RxDataSources (3.1.0):
    - Differentiator (~> 3.0)
    - RxCocoa (~> 4.0)
    - RxSwift (~> 4.0)
  - RxSwift (4.4.2):
    - RxAtomic (>= 4.4.2, ~> 4.4)
  - SnapKit (4.0.1)
  - SQLite.swift (0.11.6):
    - SQLite.swift/standard (= 0.11.6)
  - SQLite.swift/standard (0.11.6)
  - SwiftGifOrigin (1.6.1)
  - VODUpload (1.5.1):
    - AliyunOSSiOS
  - YYCategories (1.0.4):
    - YYCategories/no-arc (= 1.0.4)
  - YYCategories/no-arc (1.0.4)
  - YYImage (1.0.4):
    - YYImage/Core (= 1.0.4)
  - YYImage/Core (1.0.4)
  - YYText (1.0.7)

DEPENDENCIES:
  - AlipaySDK-iOS
  - AliyunPlayer_iOS/AliyunPlayerSDK
  - BaiduMapKit
  - BMKLocationKit
  - HandyJSON (~> 5.0.0-beta.1)
  - Hyphenate
  - Kingfisher (~> 4.6.1)
  - MJRefresh (~> 3.1.15.3)
  - mob_sharesdk
  - mob_sharesdk/ShareSDKExtension
  - mob_sharesdk/ShareSDKPlatforms/WeChatFull
  - mob_sharesdk/ShareSDKUI
  - Moya/RxSwift (~> 12.0.1)
  - RxCocoa (~> 4.4.0)
  - RxDataSources (~> 3.1.0)
  - RxSwift (~> 4.4.0)
  - SnapKit (~> 4.0.0)
  - SQLite.swift (~> 0.11.6)
  - SwiftGifOrigin (~> 1.6.1)
  - VODUpload
  - YYCategories
  - YYImage
  - YYText

SPEC REPOS:
  https://github.com/cocoapods/specs.git:
    - Alamofire
    - AlipaySDK-iOS
    - AliyunOSSiOS
    - AliyunPlayer_iOS
    - BaiduMapKit
    - BMKLocationKit
    - Differentiator
    - HandyJSON
    - Hyphenate
    - Kingfisher
    - MJRefresh
    - mob_sharesdk
    - MOBFoundation
    - Moya
    - Result
    - RxAtomic
    - RxCocoa
    - RxDataSources
    - RxSwift
    - SnapKit
    - SQLite.swift
    - SwiftGifOrigin
    - VODUpload
    - YYCategories
    - YYImage
    - YYText

SPEC CHECKSUMS:
  Alamofire: ae5c501addb7afdbb13687d7f2f722c78734c2d3
  AlipaySDK-iOS: 1c5283b30977a24acecc0114662697f7dc78f618
  AliyunOSSiOS: 602b6a4e70e62a5f0a6431c20496343141d7e66f
  AliyunPlayer_iOS: 759820a9348ac0d1aff853034216a89ff4f843b2
  BaiduMapKit: a5d9580553355d39a91b24c5eb91ebf298c64038
  BMKLocationKit: c8bd4f213b231f743c12c3095ad6a8311db259d8
  Differentiator: be49ca3408f0ecfc761e4c7763d20c62be01b9ad
  HandyJSON: 992f2d661716d6a91de82d0056927bc7813b5770
  Hyphenate: 2d473451b2c2d1edddba0270e2b048faa290e246
  Kingfisher: 68498a706e46c2a050b0c9572f100e5db407f6e0
  MJRefresh: 697f8ec75ebdbe9207767bb682cf0f51b0d8a41f
  mob_sharesdk: e993f357a6f1581a956aea16ea142c9de0425bf7
  MOBFoundation: 246159a97f5e6c8a271b674dd885dc4b0953e45e
  Moya: cf730b3cd9e005401ef37a85143aa141a12fd38f
  Result: bd966fac789cc6c1563440b348ab2598cc24d5c7
  RxAtomic: d00e97c10db88c6f08540e0bf2752fc5a2404167
  RxCocoa: 477990dc3b4c3ff55fb0ac77e1cc06244e0aaec8
  RxDataSources: a843bad90c29817f5923ec8163f4af2de084ceb3
  RxSwift: 74c29b693c8e42b0f64400e8b06564575742d649
  SnapKit: 0de968a9fec17499afa29683b05d0c775b6d1c29
  SQLite.swift: 46d890be8601964454bd3392527f863d1b802d45
  SwiftGifOrigin: d6679d3ebe9df2e049a84bc52582635107b581f6
  VODUpload: d180069b5fcee002079a892de2f310bacdb8e355
  YYCategories: 6bcd4314c6661a561410dce4a793379ebd306abd
  YYImage: 1e1b62a9997399593e4b9c4ecfbbabbf1d3f3b54
  YYText: 5c461d709e24d55a182d1441c41dc639a18a4849

PODFILE CHECKSUM: 92cc4bf580ea5f411423083dbb2c1c7644e128fa

COCOAPODS: 1.6.0
